
Microsoft Visual Studio Solution File, Format Version 12.00
# Visual Studio Version 17
VisualStudioVersion = 17.7.34202.233
MinimumVisualStudioVersion = 10.0.40219.1
Project("{FAE04EC0-301F-11D3-BF4B-00C04F79EFBC}") = "ibantanimahelper", "ibantanimahelper\ibantanimahelper.csproj", "{32F317E0-D685-423A-A8ED-68967D97AB0C}"
EndProject
Global
	GlobalSection(SolutionConfigurationPlatforms) = preSolution
		Debug|Any CPU = Debug|Any CPU
		Release|Any CPU = Release|Any CPU
	EndGlobalSection
	GlobalSection(ProjectConfigurationPlatforms) = postSolution
		{32F317E0-D685-423A-A8ED-68967D97AB0C}.Debug|Any CPU.ActiveCfg = Debug|Any CPU
		{32F317E0-D685-423A-A8ED-68967D97AB0C}.Debug|Any CPU.Build.0 = Debug|Any CPU
		{32F317E0-D685-423A-A8ED-68967D97AB0C}.Release|Any CPU.ActiveCfg = Release|Any CPU
		{32F317E0-D685-423A-A8ED-68967D97AB0C}.Release|Any CPU.Build.0 = Release|Any CPU
	EndGlobalSection
	GlobalSection(SolutionProperties) = preSolution
		HideSolutionNode = FALSE
	EndGlobalSection
	GlobalSection(ExtensibilityGlobals) = postSolution
		SolutionGuid = {A1E68723-B87A-48FE-91F7-4D10A0B1E6E5}
	EndGlobalSection
EndGlobal
